
Microsoft Visual Studio Solution File, Format Version 12.00
# Visual Studio Version 16
VisualStudioVersion = 16.0.30128.74
MinimumVisualStudioVersion = 10.0.40219.1
Project("{FAE04EC0-301F-11D3-BF4B-00C04F79EFBC}") = "Projekt programowanie", "Projekt programowanie\Projekt programowanie.csproj", "{FE5629AC-6AEE-44FD-88CB-F7701B953904}"
EndProject
Global
	GlobalSection(SolutionConfigurationPlatforms) = preSolution
		Debug|Any CPU = Debug|Any CPU
		Release|Any CPU = Release|Any CPU
	EndGlobalSection
	GlobalSection(ProjectConfigurationPlatforms) = postSolution
		{FE5629AC-6AEE-44FD-88CB-F7701B953904}.Debug|Any CPU.ActiveCfg = Debug|Any CPU
		{FE5629AC-6AEE-44FD-88CB-F7701B953904}.Debug|Any CPU.Build.0 = Debug|Any CPU
		{FE5629AC-6AEE-44FD-88CB-F7701B953904}.Release|Any CPU.ActiveCfg = Release|Any CPU
		{FE5629AC-6AEE-44FD-88CB-F7701B953904}.Release|Any CPU.Build.0 = Release|Any CPU
	EndGlobalSection
	GlobalSection(SolutionProperties) = preSolution
		HideSolutionNode = FALSE
	EndGlobalSection
	GlobalSection(ExtensibilityGlobals) = postSolution
		SolutionGuid = {BFE76FD5-0549-456B-989C-BF6E7B43898A}
	EndGlobalSection
EndGlobal
